
Microsoft Visual Studio Solution File, Format Version 12.00
# Visual Studio Version 17
VisualStudioVersion = 17.12.35209.166
MinimumVisualStudioVersion = 10.0.40219.1
Project("{FAE04EC0-301F-11D3-BF4B-00C04F79EFBC}") = "DAL", "DAL\DAL.csproj", "{568A9D70-D3CB-4023-885B-E3FCE81AD8BB}"
EndProject
Project("{FAE04EC0-301F-11D3-BF4B-00C04F79EFBC}") = "testapp", "testapp\testapp.csproj", "{507A20FF-3E0B-46BD-9A19-86B39A11E8E9}"
EndProject
Project("{FAE04EC0-301F-11D3-BF4B-00C04F79EFBC}") = "BLL", "BLL\BLL.csproj", "{9E4127E6-DA84-491C-8183-6B4E0BFCB2D0}"
EndProject
Project("{FAE04EC0-301F-11D3-BF4B-00C04F79EFBC}") = "DeclarationOfConsentForm", "DeclarationOfConsentForm\DeclarationOfConsentForm.csproj", "{6F6D0B37-83A9-41F2-A63F-F67706C75E04}"
EndProject
Project("{FAE04EC0-301F-11D3-BF4B-00C04F79EFBC}") = "GameMasterForm", "GameMasterForm\GameMasterForm.csproj", "{E172A167-72C1-40F0-9A2D-5939E3C368A4}"
EndProject
Global
	GlobalSection(SolutionConfigurationPlatforms) = preSolution
		Debug|Any CPU = Debug|Any CPU
		Release|Any CPU = Release|Any CPU
	EndGlobalSection
	GlobalSection(ProjectConfigurationPlatforms) = postSolution
		{568A9D70-D3CB-4023-885B-E3FCE81AD8BB}.Debug|Any CPU.ActiveCfg = Debug|Any CPU
		{568A9D70-D3CB-4023-885B-E3FCE81AD8BB}.Debug|Any CPU.Build.0 = Debug|Any CPU
		{568A9D70-D3CB-4023-885B-E3FCE81AD8BB}.Release|Any CPU.ActiveCfg = Release|Any CPU
		{568A9D70-D3CB-4023-885B-E3FCE81AD8BB}.Release|Any CPU.Build.0 = Release|Any CPU
		{507A20FF-3E0B-46BD-9A19-86B39A11E8E9}.Debug|Any CPU.ActiveCfg = Debug|Any CPU
		{507A20FF-3E0B-46BD-9A19-86B39A11E8E9}.Debug|Any CPU.Build.0 = Debug|Any CPU
		{507A20FF-3E0B-46BD-9A19-86B39A11E8E9}.Release|Any CPU.ActiveCfg = Release|Any CPU
		{507A20FF-3E0B-46BD-9A19-86B39A11E8E9}.Release|Any CPU.Build.0 = Release|Any CPU
		{9E4127E6-DA84-491C-8183-6B4E0BFCB2D0}.Debug|Any CPU.ActiveCfg = Debug|Any CPU
		{9E4127E6-DA84-491C-8183-6B4E0BFCB2D0}.Debug|Any CPU.Build.0 = Debug|Any CPU
		{9E4127E6-DA84-491C-8183-6B4E0BFCB2D0}.Release|Any CPU.ActiveCfg = Release|Any CPU
		{9E4127E6-DA84-491C-8183-6B4E0BFCB2D0}.Release|Any CPU.Build.0 = Release|Any CPU
		{6F6D0B37-83A9-41F2-A63F-F67706C75E04}.Debug|Any CPU.ActiveCfg = Debug|Any CPU
		{6F6D0B37-83A9-41F2-A63F-F67706C75E04}.Debug|Any CPU.Build.0 = Debug|Any CPU
		{6F6D0B37-83A9-41F2-A63F-F67706C75E04}.Release|Any CPU.ActiveCfg = Release|Any CPU
		{6F6D0B37-83A9-41F2-A63F-F67706C75E04}.Release|Any CPU.Build.0 = Release|Any CPU
		{E172A167-72C1-40F0-9A2D-5939E3C368A4}.Debug|Any CPU.ActiveCfg = Debug|Any CPU
		{E172A167-72C1-40F0-9A2D-5939E3C368A4}.Debug|Any CPU.Build.0 = Debug|Any CPU
		{E172A167-72C1-40F0-9A2D-5939E3C368A4}.Release|Any CPU.ActiveCfg = Release|Any CPU
		{E172A167-72C1-40F0-9A2D-5939E3C368A4}.Release|Any CPU.Build.0 = Release|Any CPU
	EndGlobalSection
	GlobalSection(SolutionProperties) = preSolution
		HideSolutionNode = FALSE
	EndGlobalSection
	GlobalSection(ExtensibilityGlobals) = postSolution
		SolutionGuid = {8793925A-8A87-4300-AE32-B4AA733C7CA5}
	EndGlobalSection
EndGlobal
